
Microsoft Visual Studio Solution File, Format Version 12.00
# Visual Studio Version 16
VisualStudioVersion = 16.0.37206.5
MinimumVisualStudioVersion = 10.0.40219.1
Project("{FAE04EC0-301F-11D3-BF4B-00C04F79EFBC}") = "Capa_Vista_Cine", "Capa_Vista_Cine\Capa_Vista_Cine.csproj", "{7080DAEB-6C5E-4516-AD1F-5CF4C88288F0}"
EndProject
Project("{FAE04EC0-301F-11D3-BF4B-00C04F79EFBC}") = "Capa_Modelo_Cine", "Capa_Modelo_Cine\Capa_Modelo_Cine.csproj", "{B559DB20-B68F-496D-AD61-78E98C3C471F}"
EndProject
Project("{FAE04EC0-301F-11D3-BF4B-00C04F79EFBC}") = "Capa_Controlador_Cine", "Capa_Controlador_Cine\Capa_Controlador_Cine.csproj", "{F95371F6-924A-4E4A-9FBE-DBBE39CDB007}"
EndProject
Global
	GlobalSection(SolutionConfigurationPlatforms) = preSolution
		Debug|Any CPU = Debug|Any CPU
		Release|Any CPU = Release|Any CPU
	EndGlobalSection
	GlobalSection(ProjectConfigurationPlatforms) = postSolution
		{7080DAEB-6C5E-4516-AD1F-5CF4C88288F0}.Debug|Any CPU.ActiveCfg = Debug|Any CPU
		{7080DAEB-6C5E-4516-AD1F-5CF4C88288F0}.Debug|Any CPU.Build.0 = Debug|Any CPU
		{7080DAEB-6C5E-4516-AD1F-5CF4C88288F0}.Release|Any CPU.ActiveCfg = Release|Any CPU
		{7080DAEB-6C5E-4516-AD1F-5CF4C88288F0}.Release|Any CPU.Build.0 = Release|Any CPU
		{B559DB20-B68F-496D-AD61-78E98C3C471F}.Debug|Any CPU.ActiveCfg = Debug|Any CPU
		{B559DB20-B68F-496D-AD61-78E98C3C471F}.Debug|Any CPU.Build.0 = Debug|Any CPU
		{B559DB20-B68F-496D-AD61-78E98C3C471F}.Release|Any CPU.ActiveCfg = Release|Any CPU
		{B559DB20-B68F-496D-AD61-78E98C3C471F}.Release|Any CPU.Build.0 = Release|Any CPU
		{F95371F6-924A-4E4A-9FBE-DBBE39CDB007}.Debug|Any CPU.ActiveCfg = Debug|Any CPU
		{F95371F6-924A-4E4A-9FBE-DBBE39CDB007}.Debug|Any CPU.Build.0 = Debug|Any CPU
		{F95371F6-924A-4E4A-9FBE-DBBE39CDB007}.Release|Any CPU.ActiveCfg = Release|Any CPU
		{F95371F6-924A-4E4A-9FBE-DBBE39CDB007}.Release|Any CPU.Build.0 = Release|Any CPU
	EndGlobalSection
	GlobalSection(SolutionProperties) = preSolution
		HideSolutionNode = FALSE
	EndGlobalSection
	GlobalSection(ExtensibilityGlobals) = postSolution
		SolutionGuid = {19B6A188-7A65-41CE-BE75-727390CC594D}
	EndGlobalSection
EndGlobal
